
Microsoft Visual Studio Solution File, Format Version 12.00
# Visual Studio 15
VisualStudioVersion = 15.0.28307.329
MinimumVisualStudioVersion = 10.0.40219.1
Project("{9A19103F-16F7-4668-BE54-9A1E7A4F7556}") = "Status.Logger", "Status.Logger\Status.Logger.csproj", "{E3FDA466-FA89-400B-B26B-ABD5293AB9D9}"
EndProject
Project("{9A19103F-16F7-4668-BE54-9A1E7A4F7556}") = "Status.Data", "Status.Data\Status.Data.csproj", "{5265FDB8-A749-4B74-A69B-01058295BCB4}"
EndProject
Project("{9A19103F-16F7-4668-BE54-9A1E7A4F7556}") = "Status.Web", "Status.Web\Status.Web.csproj", "{CB89C0CB-DDAA-41C3-B539-915798587596}"
EndProject
Project("{9A19103F-16F7-4668-BE54-9A1E7A4F7556}") = "Status.Configuration", "Status.Configuration\Status.Configuration.csproj", "{81691612-A1CD-47DC-B6BC-EEA9D14E37A2}"
EndProject
Global
	GlobalSection(SolutionConfigurationPlatforms) = preSolution
		Debug|Any CPU = Debug|Any CPU
		Release|Any CPU = Release|Any CPU
	EndGlobalSection
	GlobalSection(ProjectConfigurationPlatforms) = postSolution
		{E3FDA466-FA89-400B-B26B-ABD5293AB9D9}.Debug|Any CPU.ActiveCfg = Debug|Any CPU
		{E3FDA466-FA89-400B-B26B-ABD5293AB9D9}.Debug|Any CPU.Build.0 = Debug|Any CPU
		{E3FDA466-FA89-400B-B26B-ABD5293AB9D9}.Release|Any CPU.ActiveCfg = Release|Any CPU
		{E3FDA466-FA89-400B-B26B-ABD5293AB9D9}.Release|Any CPU.Build.0 = Release|Any CPU
		{5265FDB8-A749-4B74-A69B-01058295BCB4}.Debug|Any CPU.ActiveCfg = Debug|Any CPU
		{5265FDB8-A749-4B74-A69B-01058295BCB4}.Debug|Any CPU.Build.0 = Debug|Any CPU
		{5265FDB8-A749-4B74-A69B-01058295BCB4}.Release|Any CPU.ActiveCfg = Release|Any CPU
		{5265FDB8-A749-4B74-A69B-01058295BCB4}.Release|Any CPU.Build.0 = Release|Any CPU
		{CB89C0CB-DDAA-41C3-B539-915798587596}.Debug|Any CPU.ActiveCfg = Debug|Any CPU
		{CB89C0CB-DDAA-41C3-B539-915798587596}.Debug|Any CPU.Build.0 = Debug|Any CPU
		{CB89C0CB-DDAA-41C3-B539-915798587596}.Release|Any CPU.ActiveCfg = Release|Any CPU
		{CB89C0CB-DDAA-41C3-B539-915798587596}.Release|Any CPU.Build.0 = Release|Any CPU
		{81691612-A1CD-47DC-B6BC-EEA9D14E37A2}.Debug|Any CPU.ActiveCfg = Debug|Any CPU
		{81691612-A1CD-47DC-B6BC-EEA9D14E37A2}.Debug|Any CPU.Build.0 = Debug|Any CPU
		{81691612-A1CD-47DC-B6BC-EEA9D14E37A2}.Release|Any CPU.ActiveCfg = Release|Any CPU
		{81691612-A1CD-47DC-B6BC-EEA9D14E37A2}.Release|Any CPU.Build.0 = Release|Any CPU
	EndGlobalSection
	GlobalSection(SolutionProperties) = preSolution
		HideSolutionNode = FALSE
	EndGlobalSection
	GlobalSection(ExtensibilityGlobals) = postSolution
		SolutionGuid = {7E9EE34B-E0BA-4386-8F29-6A71DD761821}
	EndGlobalSection
EndGlobal
